
Microsoft Visual Studio Solution File, Format Version 12.00
# Visual Studio Version 16
VisualStudioVersion = 25.0.1704.1
MinimumVisualStudioVersion = 10.0.40219.1
Project("{FAE04EC0-301F-11D3-BF4B-00C04F79EFBC}") = "AvvaMobile.Core.Parasut", "AvvaMobile.Core.Parasut\AvvaMobile.Core.Parasut.csproj", "{FCCB802A-AA44-43ED-990B-DF61F9D493EE}"
EndProject
Project("{FAE04EC0-301F-11D3-BF4B-00C04F79EFBC}") = "AvvaMobile.Core.Parasut.Sample", "AvvaMobile.Core.Parasut.Sample\AvvaMobile.Core.Parasut.Sample.csproj", "{51C57FB8-291B-4096-BB87-E001E03FB9EC}"
EndProject
Global
	GlobalSection(SolutionConfigurationPlatforms) = preSolution
		Debug|Any CPU = Debug|Any CPU
		Release|Any CPU = Release|Any CPU
	EndGlobalSection
	GlobalSection(ProjectConfigurationPlatforms) = postSolution
		{FCCB802A-AA44-43ED-990B-DF61F9D493EE}.Debug|Any CPU.ActiveCfg = Debug|Any CPU
		{FCCB802A-AA44-43ED-990B-DF61F9D493EE}.Debug|Any CPU.Build.0 = Debug|Any CPU
		{FCCB802A-AA44-43ED-990B-DF61F9D493EE}.Release|Any CPU.ActiveCfg = Release|Any CPU
		{FCCB802A-AA44-43ED-990B-DF61F9D493EE}.Release|Any CPU.Build.0 = Release|Any CPU
		{51C57FB8-291B-4096-BB87-E001E03FB9EC}.Debug|Any CPU.ActiveCfg = Debug|Any CPU
		{51C57FB8-291B-4096-BB87-E001E03FB9EC}.Debug|Any CPU.Build.0 = Debug|Any CPU
		{51C57FB8-291B-4096-BB87-E001E03FB9EC}.Release|Any CPU.ActiveCfg = Release|Any CPU
		{51C57FB8-291B-4096-BB87-E001E03FB9EC}.Release|Any CPU.Build.0 = Release|Any CPU
	EndGlobalSection
	GlobalSection(SolutionProperties) = preSolution
		HideSolutionNode = FALSE
	EndGlobalSection
	GlobalSection(ExtensibilityGlobals) = postSolution
		SolutionGuid = {3511D5B9-AB78-41F6-BB12-BD64930CA7B3}
	EndGlobalSection
EndGlobal
